
Microsoft Visual Studio Solution File, Format Version 12.00
# Visual Studio Version 17
VisualStudioVersion = 17.11.35327.3
MinimumVisualStudioVersion = 10.0.40219.1
Project("{FAE04EC0-301F-11D3-BF4B-00C04F79EFBC}") = "ScientificCalculator", "ScientificCalculator.csproj", "{4FB3585E-3931-45A9-9FC6-0D59C3EF7DCD}"
EndProject
Global
	GlobalSection(SolutionConfigurationPlatforms) = preSolution
		Debug|Any CPU = Debug|Any CPU
		Release|Any CPU = Release|Any CPU
	EndGlobalSection
	GlobalSection(ProjectConfigurationPlatforms) = postSolution
		{4FB3585E-3931-45A9-9FC6-0D59C3EF7DCD}.Debug|Any CPU.ActiveCfg = Debug|Any CPU
		{4FB3585E-3931-45A9-9FC6-0D59C3EF7DCD}.Debug|Any CPU.Build.0 = Debug|Any CPU
		{4FB3585E-3931-45A9-9FC6-0D59C3EF7DCD}.Release|Any CPU.ActiveCfg = Release|Any CPU
		{4FB3585E-3931-45A9-9FC6-0D59C3EF7DCD}.Release|Any CPU.Build.0 = Release|Any CPU
	EndGlobalSection
	GlobalSection(SolutionProperties) = preSolution
		HideSolutionNode = FALSE
	EndGlobalSection
	GlobalSection(ExtensibilityGlobals) = postSolution
		SolutionGuid = {CAB4BE55-9545-4D76-A895-414E55C6CB74}
	EndGlobalSection
EndGlobal
